{
  "version": 4,
  "terraform_version": "1.2.3",
  "serial": 1227,
  "lineage": "ede40d48-d3e3-5145-e67f-1918207df3bc",
  "outputs": {
    "base_url": {
      "value": "https://q26yptjqe1.execute-api.us-east-1.amazonaws.com/serverless_lambda_stage",
      "type": "string"
    },
    "function_name": {
      "value": "XMPPClient",
      "type": "string"
    },
    "instance_id_1": {
      "value": "i-0a1c00b1b0e8127df",
      "type": "string"
    },
    "instance_public_dns_1": {
      "value": "ec2-34-207-203-10.compute-1.amazonaws.com",
      "type": "string"
    },
    "instance_public_ip_1": {
      "value": "34.207.203.10",
      "type": "string"
    },
    "lambda_bucket_name": {
      "value": "lm-lambda-src",
      "type": "string"
    },
    "load_balancer_url": {
      "value": "lm-load-balancer-45b963ad60d81d0a.elb.us-east-1.amazonaws.com",
      "type": "string"
    }
  },
  "resources": [
    {
      "mode": "data",
      "type": "archive_file",
      "name": "lambda_xmpp_client",
      "provider": "provider[\"registry.terraform.io/hashicorp/archive\"]",
      "instances": [
        {
          "schema_version": 0,
          "attributes": {
            "excludes": null,
            "id": "06ca89b29b00ce36ac6e050c9108c2f665f7988f",
            "output_base64sha256": "WXuVi12vt+W1Xu+HEjRhbFzIqfWwN2qMBZvG5A74HfQ=",
            "output_file_mode": null,
            "output_md5": "8b7e4b7270672ea8a506f02fac291c34",
            "output_path": "./xmpp-client.zip",
            "output_sha": "06ca89b29b00ce36ac6e050c9108c2f665f7988f",
            "output_size": 1651283,
            "source": [],
            "source_content": null,
            "source_content_filename": null,
            "source_dir": "./xmpp-client",
            "source_file": null,
            "type": "zip"
          },
          "sensitive_attributes": []
        }
      ]
    },
    {
      "mode": "data",
      "type": "template_cloudinit_config",
      "name": "config",
      "provider": "provider[\"registry.terraform.io/hashicorp/template\"]",
      "instances": [
        {
          "schema_version": 0,
          "attributes": {
            "base64_encode": false,
            "gzip": false,
            "id": "2818616267",
            "part": [
              {
                "content": "#!/bin/bash\necho 'instance_target_host=\"ip-172-31-46-175.ec2.internal\"' \u003e /opt/server_ip\n",
                "content_type": "text/x-shellscript",
                "filename": "",
                "merge_type": ""
              },
              {
                "content": "#!/bin/bash\n\ninstance_target_host=\nsource /opt/server_ip\n\nsudo apt update -y\nsudo apt install docker.io ngrep -y\nsudo usermod -aG docker ubuntu\nsudo systemctl start docker\nsudo systemctl enable docker\n\nsudo docker run --name ejabberd -d \\\n  -p 1883:1883 \\\n  -p 5222:5222 \\\n  -p 5269:5269 \\\n  -p 5280:5280 \\\n  -p 4369-4399:4369-4399 \\\n  -p 5443:5443 \\\n  -e ERLANG_NODE_ARG=ejabberd@$(hostname) \\\n  -e ERLANG_COOKIE=dummycookie123 \\\n  -e CTL_ON_CREATE=\"join_cluster ejabberd@$(echo $instance_target_host | cut -d. -f1)\" ejabberd/ecs\n\n#sudo docker exec ejabberd bin/ejabberdctl\n\necho \"...REPLICA...\" \u003e /home/ubuntu/start.log\necho \"Server IP: $instance_target_host\" \u003e\u003e /home/ubuntu/start.log\necho \"hostname $(hostname)\" \u003e\u003e /home/ubuntu/start.log\necho \"pwd $(pwd)\" \u003e\u003e /home/ubuntu/start.log\nexport \u003e\u003e /home/ubuntu/start.log\n\n",
                "content_type": "text/x-shellscript",
                "filename": "",
                "merge_type": ""
              }
            ],
            "rendered": "Content-Type: multipart/mixed; boundary=\"MIMEBOUNDARY\"\nMIME-Version: 1.0\r\n\r\n--MIMEBOUNDARY\r\nContent-Transfer-Encoding: 7bit\r\nContent-Type: text/x-shellscript\r\nMime-Version: 1.0\r\n\r\n#!/bin/bash\necho 'instance_target_host=\"ip-172-31-46-175.ec2.internal\"' \u003e /opt/server_ip\n\r\n--MIMEBOUNDARY\r\nContent-Transfer-Encoding: 7bit\r\nContent-Type: text/x-shellscript\r\nMime-Version: 1.0\r\n\r\n#!/bin/bash\n\ninstance_target_host=\nsource /opt/server_ip\n\nsudo apt update -y\nsudo apt install docker.io ngrep -y\nsudo usermod -aG docker ubuntu\nsudo systemctl start docker\nsudo systemctl enable docker\n\nsudo docker run --name ejabberd -d \\\n  -p 1883:1883 \\\n  -p 5222:5222 \\\n  -p 5269:5269 \\\n  -p 5280:5280 \\\n  -p 4369-4399:4369-4399 \\\n  -p 5443:5443 \\\n  -e ERLANG_NODE_ARG=ejabberd@$(hostname) \\\n  -e ERLANG_COOKIE=dummycookie123 \\\n  -e CTL_ON_CREATE=\"join_cluster ejabberd@$(echo $instance_target_host | cut -d. -f1)\" ejabberd/ecs\n\n#sudo docker exec ejabberd bin/ejabberdctl\n\necho \"...REPLICA...\" \u003e /home/ubuntu/start.log\necho \"Server IP: $instance_target_host\" \u003e\u003e /home/ubuntu/start.log\necho \"hostname $(hostname)\" \u003e\u003e /home/ubuntu/start.log\necho \"pwd $(pwd)\" \u003e\u003e /home/ubuntu/start.log\nexport \u003e\u003e /home/ubuntu/start.log\n\n\r\n--MIMEBOUNDARY--\r\n"
          },
          "sensitive_attributes": []
        }
      ]
    },
    {
      "mode": "data",
      "type": "template_file",
      "name": "client",
      "provider": "provider[\"registry.terraform.io/hashicorp/template\"]",
      "instances": [
        {
          "schema_version": 0,
          "attributes": {
            "filename": null,
            "id": "24895671d8972bd7d7b93b78ed5bb71e229b39fd8139192c9259948700b90920",
            "rendered": "#!/bin/bash\n\ninstance_target_host=\nsource /opt/server_ip\n\nsudo apt update -y\nsudo apt install docker.io ngrep -y\nsudo usermod -aG docker ubuntu\nsudo systemctl start docker\nsudo systemctl enable docker\n\nsudo docker run --name ejabberd -d \\\n  -p 1883:1883 \\\n  -p 5222:5222 \\\n  -p 5269:5269 \\\n  -p 5280:5280 \\\n  -p 4369-4399:4369-4399 \\\n  -p 5443:5443 \\\n  -e ERLANG_NODE_ARG=ejabberd@$(hostname) \\\n  -e ERLANG_COOKIE=dummycookie123 \\\n  -e CTL_ON_CREATE=\"join_cluster ejabberd@$(echo $instance_target_host | cut -d. -f1)\" ejabberd/ecs\n\n#sudo docker exec ejabberd bin/ejabberdctl\n\necho \"...REPLICA...\" \u003e /home/ubuntu/start.log\necho \"Server IP: $instance_target_host\" \u003e\u003e /home/ubuntu/start.log\necho \"hostname $(hostname)\" \u003e\u003e /home/ubuntu/start.log\necho \"pwd $(pwd)\" \u003e\u003e /home/ubuntu/start.log\nexport \u003e\u003e /home/ubuntu/start.log\n\n",
            "template": "#!/bin/bash\n\ninstance_target_host=\nsource /opt/server_ip\n\nsudo apt update -y\nsudo apt install docker.io ngrep -y\nsudo usermod -aG docker ubuntu\nsudo systemctl start docker\nsudo systemctl enable docker\n\nsudo docker run --name ejabberd -d \\\n  -p 1883:1883 \\\n  -p 5222:5222 \\\n  -p 5269:5269 \\\n  -p 5280:5280 \\\n  -p 4369-4399:4369-4399 \\\n  -p 5443:5443 \\\n  -e ERLANG_NODE_ARG=ejabberd@$(hostname) \\\n  -e ERLANG_COOKIE=dummycookie123 \\\n  -e CTL_ON_CREATE=\"join_cluster ejabberd@$(echo $instance_target_host | cut -d. -f1)\" ejabberd/ecs\n\n#sudo docker exec ejabberd bin/ejabberdctl\n\necho \"...REPLICA...\" \u003e /home/ubuntu/start.log\necho \"Server IP: $instance_target_host\" \u003e\u003e /home/ubuntu/start.log\necho \"hostname $(hostname)\" \u003e\u003e /home/ubuntu/start.log\necho \"pwd $(pwd)\" \u003e\u003e /home/ubuntu/start.log\nexport \u003e\u003e /home/ubuntu/start.log\n\n",
            "vars": null
          },
          "sensitive_attributes": []
        }
      ]
    },
    {
      "mode": "managed",
      "type": "aws_apigatewayv2_api",
      "name": "lambda",
      "provider": "provider[\"registry.terraform.io/hashicorp/aws\"]",
      "instances": [
        {
          "schema_version": 0,
          "attributes": {
            "api_endpoint": "https://q26yptjqe1.execute-api.us-east-1.amazonaws.com",
            "api_key_selection_expression": "$request.header.x-api-key",
            "arn": "arn:aws:apigateway:us-east-1::/apis/q26yptjqe1",
            "body": null,
            "cors_configuration": [],
            "credentials_arn": null,
            "description": "",
            "disable_execute_api_endpoint": false,
            "execution_arn": "arn:aws:execute-api:us-east-1:522956541171:q26yptjqe1",
            "fail_on_warnings": null,
            "id": "q26yptjqe1",
            "name": "serverless_lambda_gw",
            "protocol_type": "HTTP",
            "route_key": null,
            "route_selection_expression": "$request.method $request.path",
            "tags": {},
            "tags_all": {},
            "target": null,
            "version": ""
          },
          "sensitive_attributes": [],
          "private": "bnVsbA=="
        }
      ]
    },
    {
      "mode": "managed",
      "type": "aws_apigatewayv2_integration",
      "name": "xmpp_client",
      "provider": "provider[\"registry.terraform.io/hashicorp/aws\"]",
      "instances": [
        {
          "schema_version": 0,
          "attributes": {
            "api_id": "q26yptjqe1",
            "connection_id": "",
            "connection_type": "INTERNET",
            "content_handling_strategy": "",
            "credentials_arn": "",
            "description": "",
            "id": "16ey1sk",
            "integration_method": "POST",
            "integration_response_selection_expression": "",
            "integration_subtype": "",
            "integration_type": "AWS_PROXY",
            "integration_uri": "arn:aws:apigateway:us-east-1:lambda:path/2015-03-31/functions/arn:aws:lambda:us-east-1:522956541171:function:XMPPClient/invocations",
            "passthrough_behavior": "",
            "payload_format_version": "1.0",
            "request_parameters": {},
            "request_templates": {},
            "response_parameters": [],
            "template_selection_expression": "",
            "timeout_milliseconds": 30000,
            "tls_config": []
          },
          "sensitive_attributes": [],
          "private": "bnVsbA==",
          "dependencies": [
            "aws_apigatewayv2_api.lambda",
            "aws_iam_role.lambda_exec",
            "aws_lambda_function.xmpp_client",
            "aws_lb.lm-lb",
            "aws_s3_bucket.lambda_bucket",
            "aws_s3_object.lambda_xmpp_client",
            "data.archive_file.lambda_xmpp_client"
          ]
        }
      ]
    },
    {
      "mode": "managed",
      "type": "aws_apigatewayv2_route",
      "name": "xmpp_client",
      "provider": "provider[\"registry.terraform.io/hashicorp/aws\"]",
      "instances": [
        {
          "schema_version": 0,
          "attributes": {
            "api_id": "q26yptjqe1",
            "api_key_required": false,
            "authorization_scopes": [],
            "authorization_type": "NONE",
            "authorizer_id": "",
            "id": "j2wifom",
            "model_selection_expression": "",
            "operation_name": "",
            "request_models": {},
            "request_parameter": [],
            "route_key": "GET /xmpp-client",
            "route_response_selection_expression": "",
            "target": "integrations/16ey1sk"
          },
          "sensitive_attributes": [],
          "private": "bnVsbA==",
          "dependencies": [
            "aws_apigatewayv2_api.lambda",
            "aws_apigatewayv2_integration.xmpp_client",
            "aws_iam_role.lambda_exec",
            "aws_lambda_function.xmpp_client",
            "aws_lb.lm-lb",
            "aws_s3_bucket.lambda_bucket",
            "aws_s3_object.lambda_xmpp_client",
            "data.archive_file.lambda_xmpp_client"
          ]
        }
      ]
    },
    {
      "mode": "managed",
      "type": "aws_apigatewayv2_stage",
      "name": "lambda",
      "provider": "provider[\"registry.terraform.io/hashicorp/aws\"]",
      "instances": [
        {
          "schema_version": 0,
          "attributes": {
            "access_log_settings": [
              {
                "destination_arn": "arn:aws:logs:us-east-1:522956541171:log-group:/aws/api_gw/serverless_lambda_gw",
                "format": "{\"httpMethod\":\"$context.httpMethod\",\"integrationErrorMessage\":\"$context.integrationErrorMessage\",\"protocol\":\"$context.protocol\",\"requestId\":\"$context.requestId\",\"requestTime\":\"$context.requestTime\",\"resourcePath\":\"$context.resourcePath\",\"responseLength\":\"$context.responseLength\",\"routeKey\":\"$context.routeKey\",\"sourceIp\":\"$context.identity.sourceIp\",\"status\":\"$context.status\"}"
              }
            ],
            "api_id": "q26yptjqe1",
            "arn": "arn:aws:apigateway:us-east-1::/apis/q26yptjqe1/stages/serverless_lambda_stage",
            "auto_deploy": true,
            "client_certificate_id": "",
            "default_route_settings": [
              {
                "data_trace_enabled": false,
                "detailed_metrics_enabled": false,
                "logging_level": "",
                "throttling_burst_limit": 0,
                "throttling_rate_limit": 0
              }
            ],
            "deployment_id": "3smya4",
            "description": "",
            "execution_arn": "arn:aws:execute-api:us-east-1:522956541171:q26yptjqe1/serverless_lambda_stage",
            "id": "serverless_lambda_stage",
            "invoke_url": "https://q26yptjqe1.execute-api.us-east-1.amazonaws.com/serverless_lambda_stage",
            "name": "serverless_lambda_stage",
            "route_settings": [],
            "stage_variables": {},
            "tags": {},
            "tags_all": {}
          },
          "sensitive_attributes": [],
          "private": "bnVsbA==",
          "dependencies": [
            "aws_apigatewayv2_api.lambda",
            "aws_cloudwatch_log_group.api_gw"
          ]
        }
      ]
    },
    {
      "mode": "managed",
      "type": "aws_autoscaling_group",
      "name": "lm_autoscaling_group",
      "provider": "provider[\"registry.terraform.io/hashicorp/aws\"]",
      "instances": [
        {
          "schema_version": 0,
          "attributes": {
            "arn": "arn:aws:autoscaling:us-east-1:522956541171:autoScalingGroup:9257642b-f1dd-45cd-9757-8eb9bfb0a271:autoScalingGroupName/xmpp-server-20220708095035248700000001",
            "availability_zones": [
              "us-east-1d",
              "us-east-1e"
            ],
            "capacity_rebalance": false,
            "default_cooldown": 300,
            "desired_capacity": 2,
            "enabled_metrics": null,
            "force_delete": false,
            "force_delete_warm_pool": false,
            "health_check_grace_period": 300,
            "health_check_type": "EC2",
            "id": "xmpp-server-20220708095035248700000001",
            "initial_lifecycle_hook": [],
            "instance_refresh": [],
            "launch_configuration": "",
            "launch_template": [
              {
                "id": "lt-08b979bd162192577",
                "name": "xmpp-server-20220708071150063200000002",
                "version": "$Latest"
              }
            ],
            "load_balancers": null,
            "max_instance_lifetime": 0,
            "max_size": 3,
            "metrics_granularity": "1Minute",
            "min_elb_capacity": null,
            "min_size": 1,
            "mixed_instances_policy": [],
            "name": "xmpp-server-20220708095035248700000001",
            "name_prefix": "xmpp-server-",
            "placement_group": "",
            "protect_from_scale_in": false,
            "service_linked_role_arn": "arn:aws:iam::522956541171:role/aws-service-role/autoscaling.amazonaws.com/AWSServiceRoleForAutoScaling",
            "suspended_processes": null,
            "tag": [],
            "tags": null,
            "target_group_arns": [
              "arn:aws:elasticloadbalancing:us-east-1:522956541171:targetgroup/lm-target-group/ac1003477318f6ee"
            ],
            "termination_policies": null,
            "timeouts": null,
            "vpc_zone_identifier": [],
            "wait_for_capacity_timeout": "10m",
            "wait_for_elb_capacity": null,
            "warm_pool": []
          },
          "sensitive_attributes": [],
          "private": "eyJlMmJmYjczMC1lY2FhLTExZTYtOGY4OC0zNDM2M2JjN2M0YzAiOnsiZGVsZXRlIjo2MDAwMDAwMDAwMDB9fQ==",
          "dependencies": [
            "aws_instance.app_server_master",
            "aws_launch_template.xmpp_server_template",
            "aws_lb_target_group.lm-lb-tg"
          ]
        }
      ]
    },
    {
      "mode": "managed",
      "type": "aws_cloudwatch_log_group",
      "name": "api_gw",
      "provider": "provider[\"registry.terraform.io/hashicorp/aws\"]",
      "instances": [
        {
          "schema_version": 0,
          "attributes": {
            "arn": "arn:aws:logs:us-east-1:522956541171:log-group:/aws/api_gw/serverless_lambda_gw",
            "id": "/aws/api_gw/serverless_lambda_gw",
            "kms_key_id": "",
            "name": "/aws/api_gw/serverless_lambda_gw",
            "name_prefix": null,
            "retention_in_days": 30,
            "tags": {},
            "tags_all": {}
          },
          "sensitive_attributes": [],
          "private": "bnVsbA==",
          "dependencies": [
            "aws_apigatewayv2_api.lambda"
          ]
        }
      ]
    },
    {
      "mode": "managed",
      "type": "aws_cloudwatch_log_group",
      "name": "xmpp_client_log",
      "provider": "provider[\"registry.terraform.io/hashicorp/aws\"]",
      "instances": [
        {
          "schema_version": 0,
          "attributes": {
            "arn": "arn:aws:logs:us-east-1:522956541171:log-group:/aws/lambda/XMPPClient",
            "id": "/aws/lambda/XMPPClient",
            "kms_key_id": "",
            "name": "/aws/lambda/XMPPClient",
            "name_prefix": null,
            "retention_in_days": 30,
            "tags": {},
            "tags_all": {}
          },
          "sensitive_attributes": [],
          "private": "bnVsbA==",
          "dependencies": [
            "aws_iam_role.lambda_exec",
            "aws_lambda_function.xmpp_client",
            "aws_lb.lm-lb",
            "aws_s3_bucket.lambda_bucket",
            "aws_s3_object.lambda_xmpp_client",
            "data.archive_file.lambda_xmpp_client"
          ]
        }
      ]
    },
    {
      "mode": "managed",
      "type": "aws_iam_role",
      "name": "lambda_exec",
      "provider": "provider[\"registry.terraform.io/hashicorp/aws\"]",
      "instances": [
        {
          "schema_version": 0,
          "attributes": {
            "arn": "arn:aws:iam::522956541171:role/serverless_lambda",
            "assume_role_policy": "{\"Version\":\"2012-10-17\",\"Statement\":[{\"Sid\":\"\",\"Effect\":\"Allow\",\"Principal\":{\"Service\":\"lambda.amazonaws.com\"},\"Action\":\"sts:AssumeRole\"}]}",
            "create_date": "2022-07-08T07:11:04Z",
            "description": "",
            "force_detach_policies": false,
            "id": "serverless_lambda",
            "inline_policy": [
              {
                "name": "",
                "policy": ""
              }
            ],
            "managed_policy_arns": [
              "arn:aws:iam::aws:policy/service-role/AWSLambdaBasicExecutionRole"
            ],
            "max_session_duration": 3600,
            "name": "serverless_lambda",
            "name_prefix": "",
            "path": "/",
            "permissions_boundary": null,
            "tags": {},
            "tags_all": {},
            "unique_id": "AROAXTQVDRTZ2ARNRHJMP"
          },
          "sensitive_attributes": [],
          "private": "bnVsbA=="
        }
      ]
    },
    {
      "mode": "managed",
      "type": "aws_iam_role_policy_attachment",
      "name": "lambda_policy",
      "provider": "provider[\"registry.terraform.io/hashicorp/aws\"]",
      "instances": [
        {
          "schema_version": 0,
          "attributes": {
            "id": "serverless_lambda-20220708071107217700000001",
            "policy_arn": "arn:aws:iam::aws:policy/service-role/AWSLambdaBasicExecutionRole",
            "role": "serverless_lambda"
          },
          "sensitive_attributes": [],
          "private": "bnVsbA==",
          "dependencies": [
            "aws_iam_role.lambda_exec"
          ]
        }
      ]
    },
    {
      "mode": "managed",
      "type": "aws_instance",
      "name": "app_server_master",
      "provider": "provider[\"registry.terraform.io/hashicorp/aws\"]",
      "instances": [
        {
          "schema_version": 1,
          "attributes": {
            "ami": "ami-052efd3df9dad4825",
            "arn": "arn:aws:ec2:us-east-1:522956541171:instance/i-0a1c00b1b0e8127df",
            "associate_public_ip_address": true,
            "availability_zone": "us-east-1a",
            "capacity_reservation_specification": [
              {
                "capacity_reservation_preference": "open",
                "capacity_reservation_target": []
              }
            ],
            "cpu_core_count": 1,
            "cpu_threads_per_core": 1,
            "credit_specification": [
              {
                "cpu_credits": "standard"
              }
            ],
            "disable_api_termination": false,
            "ebs_block_device": [],
            "ebs_optimized": false,
            "enclave_options": [
              {
                "enabled": false
              }
            ],
            "ephemeral_block_device": [],
            "get_password_data": false,
            "hibernation": false,
            "host_id": null,
            "iam_instance_profile": "",
            "id": "i-0a1c00b1b0e8127df",
            "instance_initiated_shutdown_behavior": "stop",
            "instance_state": "running",
            "instance_type": "t2.micro",
            "ipv6_address_count": 0,
            "ipv6_addresses": [],
            "key_name": "lm-kp",
            "launch_template": [],
            "metadata_options": [
              {
                "http_endpoint": "enabled",
                "http_put_response_hop_limit": 1,
                "http_tokens": "optional",
                "instance_metadata_tags": "disabled"
              }
            ],
            "monitoring": false,
            "network_interface": [],
            "outpost_arn": "",
            "password_data": "",
            "placement_group": "",
            "placement_partition_number": null,
            "primary_network_interface_id": "eni-05c17f84ae6884885",
            "private_dns": "ip-172-31-46-175.ec2.internal",
            "private_ip": "172.31.46.175",
            "public_dns": "ec2-34-207-203-10.compute-1.amazonaws.com",
            "public_ip": "34.207.203.10",
            "root_block_device": [
              {
                "delete_on_termination": true,
                "device_name": "/dev/sda1",
                "encrypted": false,
                "iops": 100,
                "kms_key_id": "",
                "tags": {},
                "throughput": 0,
                "volume_id": "vol-018181ddca59400f0",
                "volume_size": 8,
                "volume_type": "gp2"
              }
            ],
            "secondary_private_ips": [],
            "security_groups": [
              "allow_ssh_and_xmpp"
            ],
            "source_dest_check": true,
            "subnet_id": "subnet-0c730f685cf03d683",
            "tags": {
              "Name": "lm-xmpp-server-01"
            },
            "tags_all": {
              "Name": "lm-xmpp-server-01"
            },
            "tenancy": "default",
            "timeouts": null,
            "user_data": "bee06de3309e55bc5cb6313be25c902c7a06fde2",
            "user_data_base64": null,
            "volume_tags": null,
            "vpc_security_group_ids": [
              "sg-057b714890f133ee3"
            ]
          },
          "sensitive_attributes": [],
          "private": "eyJlMmJmYjczMC1lY2FhLTExZTYtOGY4OC0zNDM2M2JjN2M0YzAiOnsiY3JlYXRlIjo2MDAwMDAwMDAwMDAsImRlbGV0ZSI6MTIwMDAwMDAwMDAwMCwidXBkYXRlIjo2MDAwMDAwMDAwMDB9LCJzY2hlbWFfdmVyc2lvbiI6IjEifQ==",
          "dependencies": [
            "aws_security_group.lm-sg"
          ]
        }
      ]
    },
    {
      "mode": "managed",
      "type": "aws_lambda_function",
      "name": "xmpp_client",
      "provider": "provider[\"registry.terraform.io/hashicorp/aws\"]",
      "instances": [
        {
          "schema_version": 0,
          "attributes": {
            "architectures": [
              "x86_64"
            ],
            "arn": "arn:aws:lambda:us-east-1:522956541171:function:XMPPClient",
            "code_signing_config_arn": "",
            "dead_letter_config": [],
            "description": "",
            "environment": [
              {
                "variables": {
                  "load_balancer_url": "lm-load-balancer-45b963ad60d81d0a.elb.us-east-1.amazonaws.com"
                }
              }
            ],
            "file_system_config": [],
            "filename": null,
            "function_name": "XMPPClient",
            "handler": "xmpp-client.handler",
            "id": "XMPPClient",
            "image_config": [],
            "image_uri": "",
            "invoke_arn": "arn:aws:apigateway:us-east-1:lambda:path/2015-03-31/functions/arn:aws:lambda:us-east-1:522956541171:function:XMPPClient/invocations",
            "kms_key_arn": "",
            "last_modified": "2022-07-08T07:14:01.879+0000",
            "layers": [],
            "memory_size": 128,
            "package_type": "Zip",
            "publish": false,
            "qualified_arn": "arn:aws:lambda:us-east-1:522956541171:function:XMPPClient:$LATEST",
            "reserved_concurrent_executions": -1,
            "role": "arn:aws:iam::522956541171:role/serverless_lambda",
            "runtime": "nodejs12.x",
            "s3_bucket": "lm-lambda-src",
            "s3_key": "xmpp-client.zip",
            "s3_object_version": null,
            "signing_job_arn": "",
            "signing_profile_version_arn": "",
            "source_code_hash": "WXuVi12vt+W1Xu+HEjRhbFzIqfWwN2qMBZvG5A74HfQ=",
            "source_code_size": 1651283,
            "tags": {},
            "tags_all": {},
            "timeout": 3,
            "timeouts": null,
            "tracing_config": [
              {
                "mode": "PassThrough"
              }
            ],
            "version": "$LATEST",
            "vpc_config": []
          },
          "sensitive_attributes": [],
          "private": "eyJlMmJmYjczMC1lY2FhLTExZTYtOGY4OC0zNDM2M2JjN2M0YzAiOnsiY3JlYXRlIjo2MDAwMDAwMDAwMDB9fQ==",
          "dependencies": [
            "aws_iam_role.lambda_exec",
            "aws_lb.lm-lb",
            "aws_s3_bucket.lambda_bucket",
            "aws_s3_object.lambda_xmpp_client",
            "data.archive_file.lambda_xmpp_client"
          ]
        }
      ]
    },
    {
      "mode": "managed",
      "type": "aws_lambda_permission",
      "name": "api_gw",
      "provider": "provider[\"registry.terraform.io/hashicorp/aws\"]",
      "instances": [
        {
          "schema_version": 0,
          "attributes": {
            "action": "lambda:InvokeFunction",
            "event_source_token": null,
            "function_name": "XMPPClient",
            "id": "AllowExecutionFromAPIGateway",
            "principal": "apigateway.amazonaws.com",
            "qualifier": "",
            "source_account": null,
            "source_arn": "arn:aws:execute-api:us-east-1:522956541171:q26yptjqe1/*/*",
            "statement_id": "AllowExecutionFromAPIGateway",
            "statement_id_prefix": null
          },
          "sensitive_attributes": [],
          "private": "bnVsbA==",
          "dependencies": [
            "aws_apigatewayv2_api.lambda",
            "aws_iam_role.lambda_exec",
            "aws_lambda_function.xmpp_client",
            "aws_lb.lm-lb",
            "aws_s3_bucket.lambda_bucket",
            "aws_s3_object.lambda_xmpp_client",
            "data.archive_file.lambda_xmpp_client"
          ]
        }
      ]
    },
    {
      "mode": "managed",
      "type": "aws_launch_template",
      "name": "xmpp_server_template",
      "provider": "provider[\"registry.terraform.io/hashicorp/aws\"]",
      "instances": [
        {
          "schema_version": 0,
          "attributes": {
            "arn": "arn:aws:ec2:us-east-1:522956541171:launch-template/lt-08b979bd162192577",
            "block_device_mappings": [],
            "capacity_reservation_specification": [],
            "cpu_options": [],
            "credit_specification": [],
            "default_version": 1,
            "description": "",
            "disable_api_termination": false,
            "ebs_optimized": "",
            "elastic_gpu_specifications": [],
            "elastic_inference_accelerator": [],
            "enclave_options": [],
            "hibernation_options": [],
            "iam_instance_profile": [],
            "id": "lt-08b979bd162192577",
            "image_id": "ami-052efd3df9dad4825",
            "instance_initiated_shutdown_behavior": "",
            "instance_market_options": [],
            "instance_type": "t2.micro",
            "kernel_id": "",
            "key_name": "lm-kp",
            "latest_version": 1,
            "license_specification": [],
            "metadata_options": [],
            "monitoring": [],
            "name": "xmpp-server-20220708071150063200000002",
            "name_prefix": "xmpp-server-",
            "network_interfaces": [],
            "placement": [],
            "ram_disk_id": "",
            "security_group_names": [
              "allow_ssh_and_xmpp"
            ],
            "tag_specifications": [],
            "tags": {},
            "tags_all": {},
            "update_default_version": null,
            "user_data": "Q29udGVudC1UeXBlOiBtdWx0aXBhcnQvbWl4ZWQ7IGJvdW5kYXJ5PSJNSU1FQk9VTkRBUlkiCk1JTUUtVmVyc2lvbjogMS4wDQoNCi0tTUlNRUJPVU5EQVJZDQpDb250ZW50LVRyYW5zZmVyLUVuY29kaW5nOiA3Yml0DQpDb250ZW50LVR5cGU6IHRleHQveC1zaGVsbHNjcmlwdA0KTWltZS1WZXJzaW9uOiAxLjANCg0KIyEvYmluL2Jhc2gKZWNobyAnaW5zdGFuY2VfdGFyZ2V0X2hvc3Q9ImlwLTE3Mi0zMS00Ni0xNzUuZWMyLmludGVybmFsIicgPiAvb3B0L3NlcnZlcl9pcAoNCi0tTUlNRUJPVU5EQVJZDQpDb250ZW50LVRyYW5zZmVyLUVuY29kaW5nOiA3Yml0DQpDb250ZW50LVR5cGU6IHRleHQveC1zaGVsbHNjcmlwdA0KTWltZS1WZXJzaW9uOiAxLjANCg0KIyEvYmluL2Jhc2gKCmluc3RhbmNlX3RhcmdldF9ob3N0PQpzb3VyY2UgL29wdC9zZXJ2ZXJfaXAKCnN1ZG8gYXB0IHVwZGF0ZSAteQpzdWRvIGFwdCBpbnN0YWxsIGRvY2tlci5pbyBuZ3JlcCAteQpzdWRvIHVzZXJtb2QgLWFHIGRvY2tlciB1YnVudHUKc3VkbyBzeXN0ZW1jdGwgc3RhcnQgZG9ja2VyCnN1ZG8gc3lzdGVtY3RsIGVuYWJsZSBkb2NrZXIKCnN1ZG8gZG9ja2VyIHJ1biAtLW5hbWUgZWphYmJlcmQgLWQgXAogIC1wIDE4ODM6MTg4MyBcCiAgLXAgNTIyMjo1MjIyIFwKICAtcCA1MjY5OjUyNjkgXAogIC1wIDUyODA6NTI4MCBcCiAgLXAgNDM2OS00Mzk5OjQzNjktNDM5OSBcCiAgLXAgNTQ0Mzo1NDQzIFwKICAtZSBFUkxBTkdfTk9ERV9BUkc9ZWphYmJlcmRAJChob3N0bmFtZSkgXAogIC1lIEVSTEFOR19DT09LSUU9ZHVtbXljb29raWUxMjMgXAogIC1lIENUTF9PTl9DUkVBVEU9ImpvaW5fY2x1c3RlciBlamFiYmVyZEAkKGVjaG8gJGluc3RhbmNlX3RhcmdldF9ob3N0IHwgY3V0IC1kLiAtZjEpIiBlamFiYmVyZC9lY3MKCiNzdWRvIGRvY2tlciBleGVjIGVqYWJiZXJkIGJpbi9lamFiYmVyZGN0bAoKZWNobyAiLi4uUkVQTElDQS4uLiIgPiAvaG9tZS91YnVudHUvc3RhcnQubG9nCmVjaG8gIlNlcnZlciBJUDogJGluc3RhbmNlX3RhcmdldF9ob3N0IiA+PiAvaG9tZS91YnVudHUvc3RhcnQubG9nCmVjaG8gImhvc3RuYW1lICQoaG9zdG5hbWUpIiA+PiAvaG9tZS91YnVudHUvc3RhcnQubG9nCmVjaG8gInB3ZCAkKHB3ZCkiID4+IC9ob21lL3VidW50dS9zdGFydC5sb2cKZXhwb3J0ID4+IC9ob21lL3VidW50dS9zdGFydC5sb2cKCg0KLS1NSU1FQk9VTkRBUlktLQ0K",
            "vpc_security_group_ids": []
          },
          "sensitive_attributes": [],
          "private": "bnVsbA==",
          "dependencies": [
            "aws_instance.app_server_master",
            "aws_security_group.lm-sg",
            "data.template_cloudinit_config.config",
            "data.template_file.client"
          ]
        }
      ]
    },
    {
      "mode": "managed",
      "type": "aws_lb",
      "name": "lm-lb",
      "provider": "provider[\"registry.terraform.io/hashicorp/aws\"]",
      "instances": [
        {
          "schema_version": 0,
          "attributes": {
            "access_logs": [
              {
                "bucket": "",
                "enabled": false,
                "prefix": ""
              }
            ],
            "arn": "arn:aws:elasticloadbalancing:us-east-1:522956541171:loadbalancer/net/lm-load-balancer/45b963ad60d81d0a",
            "arn_suffix": "net/lm-load-balancer/45b963ad60d81d0a",
            "customer_owned_ipv4_pool": "",
            "desync_mitigation_mode": null,
            "dns_name": "lm-load-balancer-45b963ad60d81d0a.elb.us-east-1.amazonaws.com",
            "drop_invalid_header_fields": null,
            "enable_cross_zone_load_balancing": false,
            "enable_deletion_protection": false,
            "enable_http2": null,
            "enable_waf_fail_open": null,
            "id": "arn:aws:elasticloadbalancing:us-east-1:522956541171:loadbalancer/net/lm-load-balancer/45b963ad60d81d0a",
            "idle_timeout": null,
            "internal": false,
            "ip_address_type": "ipv4",
            "load_balancer_type": "network",
            "name": "lm-load-balancer",
            "name_prefix": null,
            "security_groups": [],
            "subnet_mapping": [
              {
                "allocation_id": "",
                "ipv6_address": "",
                "outpost_id": "",
                "private_ipv4_address": "",
                "subnet_id": "subnet-02e6cef690eac708c"
              },
              {
                "allocation_id": "",
                "ipv6_address": "",
                "outpost_id": "",
                "private_ipv4_address": "",
                "subnet_id": "subnet-042742ebd4553eaf4"
              },
              {
                "allocation_id": "",
                "ipv6_address": "",
                "outpost_id": "",
                "private_ipv4_address": "",
                "subnet_id": "subnet-07ad9f30962909ead"
              },
              {
                "allocation_id": "",
                "ipv6_address": "",
                "outpost_id": "",
                "private_ipv4_address": "",
                "subnet_id": "subnet-0b5ace1a22216d42b"
              },
              {
                "allocation_id": "",
                "ipv6_address": "",
                "outpost_id": "",
                "private_ipv4_address": "",
                "subnet_id": "subnet-0c730f685cf03d683"
              },
              {
                "allocation_id": "",
                "ipv6_address": "",
                "outpost_id": "",
                "private_ipv4_address": "",
                "subnet_id": "subnet-0fdf55f3dbad2b1a2"
              }
            ],
            "subnets": [
              "subnet-02e6cef690eac708c",
              "subnet-042742ebd4553eaf4",
              "subnet-07ad9f30962909ead",
              "subnet-0b5ace1a22216d42b",
              "subnet-0c730f685cf03d683",
              "subnet-0fdf55f3dbad2b1a2"
            ],
            "tags": {},
            "tags_all": {},
            "timeouts": null,
            "vpc_id": "vpc-078e8a3dd5e838865",
            "zone_id": "Z26RNL4JYFTOTI"
          },
          "sensitive_attributes": [],
          "private": "eyJlMmJmYjczMC1lY2FhLTExZTYtOGY4OC0zNDM2M2JjN2M0YzAiOnsiY3JlYXRlIjo2MDAwMDAwMDAwMDAsImRlbGV0ZSI6NjAwMDAwMDAwMDAwLCJ1cGRhdGUiOjYwMDAwMDAwMDAwMH19"
        }
      ]
    },
    {
      "mode": "managed",
      "type": "aws_lb_listener",
      "name": "lm-lb-listener",
      "provider": "provider[\"registry.terraform.io/hashicorp/aws\"]",
      "instances": [
        {
          "schema_version": 0,
          "attributes": {
            "alpn_policy": null,
            "arn": "arn:aws:elasticloadbalancing:us-east-1:522956541171:listener/net/lm-load-balancer/45b963ad60d81d0a/fd9ea87578635a0b",
            "certificate_arn": null,
            "default_action": [
              {
                "authenticate_cognito": [],
                "authenticate_oidc": [],
                "fixed_response": [],
                "forward": [],
                "order": 1,
                "redirect": [],
                "target_group_arn": "arn:aws:elasticloadbalancing:us-east-1:522956541171:targetgroup/lm-target-group/ac1003477318f6ee",
                "type": "forward"
              }
            ],
            "id": "arn:aws:elasticloadbalancing:us-east-1:522956541171:listener/net/lm-load-balancer/45b963ad60d81d0a/fd9ea87578635a0b",
            "load_balancer_arn": "arn:aws:elasticloadbalancing:us-east-1:522956541171:loadbalancer/net/lm-load-balancer/45b963ad60d81d0a",
            "port": 5222,
            "protocol": "TCP",
            "ssl_policy": "",
            "tags": {},
            "tags_all": {},
            "timeouts": null
          },
          "sensitive_attributes": [],
          "private": "eyJlMmJmYjczMC1lY2FhLTExZTYtOGY4OC0zNDM2M2JjN2M0YzAiOnsicmVhZCI6NjAwMDAwMDAwMDAwfX0=",
          "dependencies": [
            "aws_lb.lm-lb",
            "aws_lb_target_group.lm-lb-tg"
          ]
        }
      ]
    },
    {
      "mode": "managed",
      "type": "aws_lb_target_group",
      "name": "lm-lb-tg",
      "provider": "provider[\"registry.terraform.io/hashicorp/aws\"]",
      "instances": [
        {
          "schema_version": 0,
          "attributes": {
            "arn": "arn:aws:elasticloadbalancing:us-east-1:522956541171:targetgroup/lm-target-group/ac1003477318f6ee",
            "arn_suffix": "targetgroup/lm-target-group/ac1003477318f6ee",
            "connection_termination": false,
            "deregistration_delay": "300",
            "health_check": [
              {
                "enabled": true,
                "healthy_threshold": 3,
                "interval": 30,
                "matcher": "",
                "path": "",
                "port": "traffic-port",
                "protocol": "TCP",
                "timeout": 10,
                "unhealthy_threshold": 3
              }
            ],
            "id": "arn:aws:elasticloadbalancing:us-east-1:522956541171:targetgroup/lm-target-group/ac1003477318f6ee",
            "lambda_multi_value_headers_enabled": false,
            "load_balancing_algorithm_type": null,
            "name": "lm-target-group",
            "name_prefix": null,
            "port": 5222,
            "preserve_client_ip": "true",
            "protocol": "TCP",
            "protocol_version": null,
            "proxy_protocol_v2": false,
            "slow_start": 0,
            "stickiness": [
              {
                "cookie_duration": 0,
                "cookie_name": "",
                "enabled": false,
                "type": "source_ip"
              }
            ],
            "tags": {},
            "tags_all": {},
            "target_type": "instance",
            "vpc_id": "vpc-078e8a3dd5e838865"
          },
          "sensitive_attributes": [],
          "private": "bnVsbA=="
        }
      ]
    },
    {
      "mode": "managed",
      "type": "aws_lb_target_group_attachment",
      "name": "lm-lb-tg-attachment-1",
      "provider": "provider[\"registry.terraform.io/hashicorp/aws\"]",
      "instances": [
        {
          "schema_version": 0,
          "attributes": {
            "availability_zone": null,
            "id": "arn:aws:elasticloadbalancing:us-east-1:522956541171:targetgroup/lm-target-group/ac1003477318f6ee-20220708071150602000000004",
            "port": null,
            "target_group_arn": "arn:aws:elasticloadbalancing:us-east-1:522956541171:targetgroup/lm-target-group/ac1003477318f6ee",
            "target_id": "i-0a1c00b1b0e8127df"
          },
          "sensitive_attributes": [],
          "private": "bnVsbA==",
          "dependencies": [
            "aws_instance.app_server_master",
            "aws_lb_target_group.lm-lb-tg",
            "aws_security_group.lm-sg"
          ]
        }
      ]
    },
    {
      "mode": "managed",
      "type": "aws_s3_bucket",
      "name": "lambda_bucket",
      "provider": "provider[\"registry.terraform.io/hashicorp/aws\"]",
      "instances": [
        {
          "schema_version": 0,
          "attributes": {
            "acceleration_status": "",
            "acl": "private",
            "arn": "arn:aws:s3:::lm-lambda-src",
            "bucket": "lm-lambda-src",
            "bucket_domain_name": "lm-lambda-src.s3.amazonaws.com",
            "bucket_prefix": null,
            "bucket_regional_domain_name": "lm-lambda-src.s3.amazonaws.com",
            "cors_rule": [],
            "force_destroy": true,
            "grant": [],
            "hosted_zone_id": "Z3AQBSTGFYJSTF",
            "id": "lm-lambda-src",
            "lifecycle_rule": [],
            "logging": [],
            "object_lock_configuration": [],
            "policy": "",
            "region": "us-east-1",
            "replication_configuration": [],
            "request_payer": "BucketOwner",
            "server_side_encryption_configuration": [],
            "tags": {},
            "tags_all": {},
            "versioning": [
              {
                "enabled": false,
                "mfa_delete": false
              }
            ],
            "website": [],
            "website_domain": null,
            "website_endpoint": null
          },
          "sensitive_attributes": [],
          "private": "bnVsbA=="
        }
      ]
    },
    {
      "mode": "managed",
      "type": "aws_s3_object",
      "name": "lambda_xmpp_client",
      "provider": "provider[\"registry.terraform.io/hashicorp/aws\"]",
      "instances": [
        {
          "schema_version": 0,
          "attributes": {
            "acl": "private",
            "bucket": "lm-lambda-src",
            "bucket_key_enabled": false,
            "cache_control": "",
            "content": null,
            "content_base64": null,
            "content_disposition": "",
            "content_encoding": "",
            "content_language": "",
            "content_type": "binary/octet-stream",
            "etag": "8b7e4b7270672ea8a506f02fac291c34",
            "force_destroy": false,
            "id": "xmpp-client.zip",
            "key": "xmpp-client.zip",
            "kms_key_id": null,
            "metadata": {},
            "object_lock_legal_hold_status": "",
            "object_lock_mode": "",
            "object_lock_retain_until_date": "",
            "server_side_encryption": "",
            "source": "./xmpp-client.zip",
            "source_hash": null,
            "storage_class": "STANDARD",
            "tags": {},
            "tags_all": {},
            "version_id": "",
            "website_redirect": ""
          },
          "sensitive_attributes": [],
          "private": "bnVsbA==",
          "dependencies": [
            "aws_s3_bucket.lambda_bucket",
            "data.archive_file.lambda_xmpp_client"
          ]
        }
      ]
    },
    {
      "mode": "managed",
      "type": "aws_security_group",
      "name": "lm-sg",
      "provider": "provider[\"registry.terraform.io/hashicorp/aws\"]",
      "instances": [
        {
          "schema_version": 1,
          "attributes": {
            "arn": "arn:aws:ec2:us-east-1:522956541171:security-group/sg-057b714890f133ee3",
            "description": "Allow SSH and XMPP inbound traffic",
            "egress": [
              {
                "cidr_blocks": [
                  "0.0.0.0/0"
                ],
                "description": "",
                "from_port": 0,
                "ipv6_cidr_blocks": [],
                "prefix_list_ids": [],
                "protocol": "-1",
                "security_groups": [],
                "self": false,
                "to_port": 0
              }
            ],
            "id": "sg-057b714890f133ee3",
            "ingress": [
              {
                "cidr_blocks": [
                  "0.0.0.0/0"
                ],
                "description": "SSH from VPC",
                "from_port": 22,
                "ipv6_cidr_blocks": [],
                "prefix_list_ids": [],
                "protocol": "tcp",
                "security_groups": [],
                "self": false,
                "to_port": 22
              },
              {
                "cidr_blocks": [
                  "0.0.0.0/0"
                ],
                "description": "Temporary all traffic",
                "from_port": 0,
                "ipv6_cidr_blocks": [],
                "prefix_list_ids": [],
                "protocol": "-1",
                "security_groups": [],
                "self": false,
                "to_port": 0
              },
              {
                "cidr_blocks": [
                  "0.0.0.0/0"
                ],
                "description": "XMPP from VPC",
                "from_port": 5222,
                "ipv6_cidr_blocks": [],
                "prefix_list_ids": [],
                "protocol": "tcp",
                "security_groups": [],
                "self": false,
                "to_port": 5222
              }
            ],
            "name": "allow_ssh_and_xmpp",
            "name_prefix": "",
            "owner_id": "522956541171",
            "revoke_rules_on_delete": false,
            "tags": {
              "Name": "allow_ssh_xmpp"
            },
            "tags_all": {
              "Name": "allow_ssh_xmpp"
            },
            "timeouts": null,
            "vpc_id": "vpc-078e8a3dd5e838865"
          },
          "sensitive_attributes": [],
          "private": "eyJlMmJmYjczMC1lY2FhLTExZTYtOGY4OC0zNDM2M2JjN2M0YzAiOnsiY3JlYXRlIjo2MDAwMDAwMDAwMDAsImRlbGV0ZSI6OTAwMDAwMDAwMDAwfSwic2NoZW1hX3ZlcnNpb24iOiIxIn0="
        }
      ]
    }
  ]
}
